# THIS IS AN AUTOGENERATED FILE. DO NOT EDIT THIS FILE DIRECTLY.
# yarn lockfile v1


"@fortawesome/fontawesome-common-types@6.7.2":
  version "6.7.2"
  resolved "https://registry.npmjs.org/@fortawesome/fontawesome-common-types/-/fontawesome-common-types-6.7.2.tgz"
  integrity sha512-Zs+YeHUC5fkt7Mg1l6XTniei3k4bwG/yo3iFUtZWd/pMx9g3fdvkSK9E0FOC+++phXOka78uJcYb8JaFkW52Xg==

"@fortawesome/fontawesome-free@^6.7.2":
  version "6.7.2"
  resolved "https://registry.npmjs.org/@fortawesome/fontawesome-free/-/fontawesome-free-6.7.2.tgz"
  integrity sha512-JUOtgFW6k9u4Y+xeIaEiLr3+cjoUPiAuLXoyKOJSia6Duzb7pq+A76P9ZdPDoAoxHdHzq6gE9/jKBGXlZT8FbA==

"@fortawesome/fontawesome-svg-core@^6.5.1":
  version "6.7.2"
  resolved "https://registry.npmjs.org/@fortawesome/fontawesome-svg-core/-/fontawesome-svg-core-6.7.2.tgz"
  integrity sha512-yxtOBWDrdi5DD5o1pmVdq3WMCvnobT0LU6R8RyyVXPvFRd2o79/0NCuQoCjNTeZz9EzA9xS3JxNWfv54RIHFEA==
  dependencies:
    "@fortawesome/fontawesome-common-types" "6.7.2"

"@fortawesome/free-brands-svg-icons@^6.5.1":
  version "6.7.2"
  resolved "https://registry.npmjs.org/@fortawesome/free-brands-svg-icons/-/free-brands-svg-icons-6.7.2.tgz"
  integrity sha512-zu0evbcRTgjKfrr77/2XX+bU+kuGfjm0LbajJHVIgBWNIDzrhpRxiCPNT8DW5AdmSsq7Mcf9D1bH0aSeSUSM+Q==
  dependencies:
    "@fortawesome/fontawesome-common-types" "6.7.2"

"@fortawesome/free-regular-svg-icons@^6.5.1":
  version "6.7.2"
  resolved "https://registry.npmjs.org/@fortawesome/free-regular-svg-icons/-/free-regular-svg-icons-6.7.2.tgz"
  integrity sha512-7Z/ur0gvCMW8G93dXIQOkQqHo2M5HLhYrRVC0//fakJXxcF1VmMPsxnG6Ee8qEylA8b8Q3peQXWMNZ62lYF28g==
  dependencies:
    "@fortawesome/fontawesome-common-types" "6.7.2"

"@jridgewell/gen-mapping@^0.3.5":
  version "0.3.13"
  resolved "https://registry.npmjs.org/@jridgewell/gen-mapping/-/gen-mapping-0.3.13.tgz"
  integrity sha512-2kkt/7niJ6MgEPxF0bYdQ6etZaA+fQvDcLKckhy1yIQOzaoKjBBjSj63/aLVjYE3qhRt5dvM+uUyfCg6UKCBbA==
  dependencies:
    "@jridgewell/sourcemap-codec" "^1.5.0"
    "@jridgewell/trace-mapping" "^0.3.24"

"@jridgewell/remapping@^2.3.5":
  version "2.3.5"
  resolved "https://registry.npmjs.org/@jridgewell/remapping/-/remapping-2.3.5.tgz"
  integrity sha512-LI9u/+laYG4Ds1TDKSJW2YPrIlcVYOwi2fUC6xB43lueCjgxV4lffOCZCtYFiH6TNOX+tQKXx97T4IKHbhyHEQ==
  dependencies:
    "@jridgewell/gen-mapping" "^0.3.5"
    "@jridgewell/trace-mapping" "^0.3.24"

"@jridgewell/resolve-uri@^3.1.0":
  version "3.1.2"
  resolved "https://registry.npmjs.org/@jridgewell/resolve-uri/-/resolve-uri-3.1.2.tgz"
  integrity sha512-bRISgCIjP20/tbWSPWMEi54QVPRZExkuD9lJL+UIxUKtwVJA8wW1Trb1jMs1RFXo1CBTNZ/5hpC9QvmKWdopKw==

"@jridgewell/sourcemap-codec@^1.4.14", "@jridgewell/sourcemap-codec@^1.5.0", "@jridgewell/sourcemap-codec@^1.5.5":
  version "1.6.0"
  resolved "https://registry.npmjs.org/@jridgewell/sourcemap-codec/-/sourcemap-codec-1.6.0.tgz"
  integrity sha512-T7jf+5zgsZHwNJ4lvQ7/aezbyk0nNX+zJVWpmHA7VYsEx7a7qr5Rg5IbtJFqkgze5Y2sruq1RUY8Q837Od7iFw==

"@jridgewell/trace-mapping@^0.3.24":
  version "0.3.31"
  resolved "https://registry.npmjs.org/@jridgewell/trace-mapping/-/trace-mapping-0.3.31.tgz"
  integrity sha512-zzNR+SdQSDJzc8joaeP8QQoCQr8NuYx2dIIytl1QeBEZHJ9uW6hebsrYgbz8hJwUQao3TWCMtmfV8Nu1twOLAw==
  dependencies:
    "@jridgewell/resolve-uri" "^3.1.0"
    "@jridgewell/sourcemap-codec" "^1.4.14"

"@oxc-project/types@=0.148.0":
  version "0.148.0"
  resolved "https://registry.npmjs.org/@oxc-project/types/-/types-0.148.0.tgz"
  integrity sha512-Nm4s/jB+4FpFsPhWGEC4h7rzksesmtnMXomo6rCMcg/b8zLQuOziRgkCS1fxDCXOlJB/6Q8oABOZ/OP6RIPj9A==

"@rolldown/binding-linux-x64-gnu@1.2.7":
  version "1.2.7"
  resolved "https://registry.npmjs.org/@rolldown/binding-linux-x64-gnu/-/binding-linux-x64-gnu-1.2.7.tgz"
  integrity sha512-r8/z8n7GFaYRln3xmP1Cxy0HH/HLM0uBUPkEuSVEfKGDA89M0FsZRZJRSwe/tJjRx+fpH/gjorfhB8tmEbSFLA==

"@rolldown/pluginutils@^1.0.0":
  version "1.0.1"
  resolved "https://registry.npmjs.org/@rolldown/pluginutils/-/pluginutils-1.0.1.tgz"
  integrity sha512-2j9bGt5Jh8hj+vPtgzPtl72j0yRxHAyumoo6TNfAjsLB04UtpSvPbPcDcBMxz7n+9CYB0c1GxQFxYRg2jimqGw==

"@tailwindcss/node@4.3.3":
  version "4.3.3"
  resolved "https://registry.npmjs.org/@tailwindcss/node/-/node-4.3.3.tgz"
  integrity sha512-/T8IKEsf9VTU6tLjgC7+sv2mOPtQxzE2jMw7u4Tt40Tx+QSZxpzh95/H6cMKoja9XuW7iMdLJYBB0o9G1CaAgg==
  dependencies:
    "@jridgewell/remapping" "^2.3.5"
    enhanced-resolve "^5.24.1"
    jiti "^2.7.0"
    lightningcss "1.32.0"
    magic-string "^0.30.21"
    source-map-js "^1.2.1"
    tailwindcss "4.3.3"

"@tailwindcss/oxide-linux-x64-gnu@4.3.3":
  version "4.3.3"
  resolved "https://registry.npmjs.org/@tailwindcss/oxide-linux-x64-gnu/-/oxide-linux-x64-gnu-4.3.3.tgz"
  integrity sha512-tx7us1muwOKAKWao2v/GaafFeQboE6aj88vC6ziN2NCGcRm8gWUhwjzg+YdVB1e4boAtdtma4L43onunI6NS4w==

"@tailwindcss/oxide@4.3.3":
  version "4.3.3"
  resolved "https://registry.npmjs.org/@tailwindcss/oxide/-/oxide-4.3.3.tgz"
  integrity sha512-krXjAikiaFSPaK/FkAQT5UTx3VormQaiZ5hBFlJZ9UFQGB/rwg1MZIhHAG9smMQRTdyJxP6Qt5MwMtdyU5FWrA==
  optionalDependencies:
    "@tailwindcss/oxide-android-arm64" "4.3.3"
    "@tailwindcss/oxide-darwin-arm64" "4.3.3"
    "@tailwindcss/oxide-darwin-x64" "4.3.3"
    "@tailwindcss/oxide-freebsd-x64" "4.3.3"
    "@tailwindcss/oxide-linux-arm-gnueabihf" "4.3.3"
    "@tailwindcss/oxide-linux-arm64-gnu" "4.3.3"
    "@tailwindcss/oxide-linux-arm64-musl" "4.3.3"
    "@tailwindcss/oxide-linux-x64-gnu" "4.3.3"
    "@tailwindcss/oxide-linux-x64-musl" "4.3.3"
    "@tailwindcss/oxide-wasm32-wasi" "4.3.3"
    "@tailwindcss/oxide-win32-arm64-msvc" "4.3.3"
    "@tailwindcss/oxide-win32-x64-msvc" "4.3.3"

"@tailwindcss/vite@^4.3.3":
  version "4.3.3"
  resolved "https://registry.npmjs.org/@tailwindcss/vite/-/vite-4.3.3.tgz"
  integrity sha512-yYU8cogLeSh/ms2jh8Fj7jaba/EWa7Ja6GoUqYZaraEuCI5YS6ms6ObZgjjedm+jm6XZjdNRWBpPP6Z86oOxcw==
  dependencies:
    "@tailwindcss/node" "4.3.3"
    "@tailwindcss/oxide" "4.3.3"
    tailwindcss "4.3.3"

detect-libc@^2.0.3:
  version "2.1.2"
  resolved "https://registry.npmjs.org/detect-libc/-/detect-libc-2.1.2.tgz"
  integrity sha512-Btj2BOOO83o3WyH59e8MgXsxEQVcarkUOpEYrubB0urwnN10yQ364rsiByU11nZlqWYZm05i/of7io4mzihBtQ==

enhanced-resolve@^5.24.1:
  version "5.24.5"
  resolved "https://registry.npmjs.org/enhanced-resolve/-/enhanced-resolve-5.24.5.tgz"
  integrity sha512-L1l8TNvomm6UVW5B253AGxQagSQr+vGwhMlrrfRS2qmhx46AMpMVJKQYLvWYbysTMY8VoicOvzHzoHMbyzB+4A==
  dependencies:
    graceful-fs "^4.2.4"
    tapable "^2.3.3"

fdir@^6.5.0:
  version "6.5.0"
  resolved "https://registry.npmjs.org/fdir/-/fdir-6.5.0.tgz"
  integrity sha512-tIbYtZbucOs0BRGqPJkshJUYdL+SDH7dVM8gjy+ERp3WAUjLEFJE+02kanyHtwjWOnwrKYBiwAmM0p4kLJAnXg==

graceful-fs@^4.2.4:
  version "4.2.11"
  resolved "https://registry.npmjs.org/graceful-fs/-/graceful-fs-4.2.11.tgz"
  integrity sha512-RbJ5/jmFcNNCcDV5o9eTnBLJ/HszWV0P73bc+Ff4nS/rJj+YaS6IGyiOL0VoBYX+l1Wrl3k63h/KrH+nhJ0XvQ==

jiti@^2.7.0, jiti@>=1.21.0:
  version "2.7.0"
  resolved "https://registry.npmjs.org/jiti/-/jiti-2.7.0.tgz"
  integrity sha512-AC/7JofJvZGrrneWNaEnJeOLUx+JlGt7tNa0wZiRPT4MY1wmfKjt2+6O2p2uz2+skll8OZZmJMNqeke7kKbNgQ==

lightningcss-linux-x64-gnu@1.32.0:
  version "1.32.0"
  resolved "https://registry.npmjs.org/lightningcss-linux-x64-gnu/-/lightningcss-linux-x64-gnu-1.32.0.tgz"
  integrity sha512-V7Qr52IhZmdKPVr+Vtw8o+WLsQJYCTd8loIfpDaMRWGUZfBOYEJeyJIkqGIDMZPwPx24pUMfwSxxI8phr/MbOA==

lightningcss-linux-x64-gnu@1.33.0:
  version "1.33.0"
  resolved "https://registry.npmjs.org/lightningcss-linux-x64-gnu/-/lightningcss-linux-x64-gnu-1.33.0.tgz"
  integrity sha512-ar+Ju7LmcN0Jo4FpL4hpFybwNG9/3A/Br5KW2n2jyODg3MEZXaDYADdemoNS+BDNfMgKvylJLj4S5tyRActuAg==

lightningcss@^1.33.0:
  version "1.33.0"
  resolved "https://registry.npmjs.org/lightningcss/-/lightningcss-1.33.0.tgz"
  integrity sha512-WkUDrojuJs0xkgGf2udWxa3yGBRxPtxUkB79i6aCZLRgc7PM8fZe9TosfPDcvEpQZbuFASnHYmRLBLUbmLOIIA==
  dependencies:
    detect-libc "^2.0.3"
  optionalDependencies:
    lightningcss-android-arm64 "1.33.0"
    lightningcss-darwin-arm64 "1.33.0"
    lightningcss-darwin-x64 "1.33.0"
    lightningcss-freebsd-x64 "1.33.0"
    lightningcss-linux-arm-gnueabihf "1.33.0"
    lightningcss-linux-arm64-gnu "1.33.0"
    lightningcss-linux-arm64-musl "1.33.0"
    lightningcss-linux-x64-gnu "1.33.0"
    lightningcss-linux-x64-musl "1.33.0"
    lightningcss-win32-arm64-msvc "1.33.0"
    lightningcss-win32-x64-msvc "1.33.0"

lightningcss@1.32.0:
  version "1.32.0"
  resolved "https://registry.npmjs.org/lightningcss/-/lightningcss-1.32.0.tgz"
  integrity sha512-NXYBzinNrblfraPGyrbPoD19C1h9lfI/1mzgWYvXUTe414Gz/X1FD2XBZSZM7rRTrMA8JL3OtAaGifrIKhQ5yQ==
  dependencies:
    detect-libc "^2.0.3"
  optionalDependencies:
    lightningcss-android-arm64 "1.32.0"
    lightningcss-darwin-arm64 "1.32.0"
    lightningcss-darwin-x64 "1.32.0"
    lightningcss-freebsd-x64 "1.32.0"
    lightningcss-linux-arm-gnueabihf "1.32.0"
    lightningcss-linux-arm64-gnu "1.32.0"
    lightningcss-linux-arm64-musl "1.32.0"
    lightningcss-linux-x64-gnu "1.32.0"
    lightningcss-linux-x64-musl "1.32.0"
    lightningcss-win32-arm64-msvc "1.32.0"
    lightningcss-win32-x64-msvc "1.32.0"

magic-string@^0.30.21:
  version "0.30.21"
  resolved "https://registry.npmjs.org/magic-string/-/magic-string-0.30.21.tgz"
  integrity sha512-vd2F4YUyEXKGcLHoq+TEyCjxueSeHnFxyyjNp80yg0XV4vUhnDer/lvvlqM/arB5bXQN5K2/3oinyCRyx8T2CQ==
  dependencies:
    "@jridgewell/sourcemap-codec" "^1.5.5"

nanoid@^3.3.18:
  version "3.3.18"
  resolved "https://registry.npmjs.org/nanoid/-/nanoid-3.3.18.tgz"
  integrity sha512-DTg4MJbGMWkfi6VZFdNt2/caMbQy4Ou+Op/hJQvGEWcnVfoA1QA+xzRKAzw9jD6+GVOOeYr/mIcuDSdug6F6+w==

picocolors@^1.1.1:
  version "1.1.1"
  resolved "https://registry.npmjs.org/picocolors/-/picocolors-1.1.1.tgz"
  integrity sha512-xceH2snhtb5M9liqDsmEw56le376mTZkEX/jEb/RxNFyegNul7eNslCXP9FDj/Lcu0X8KEyMceP2ntpaHrDEVA==

"picomatch@^3 || ^4", picomatch@^4.0.4, picomatch@^4.0.5:
  version "4.0.7"
  resolved "https://registry.npmjs.org/picomatch/-/picomatch-4.0.7.tgz"
  integrity sha512-qcJu88Q2IWqJsDD529JKMdwGm/dvInW4HvQnRwiH9JtihJvzGOscDtHE3x1pBKeUOTysQ8kVmLnJ2kJu7yhcGA==

postcss@^8.5.26:
  version "8.5.28"
  resolved "https://registry.npmjs.org/postcss/-/postcss-8.5.28.tgz"
  integrity sha512-RRuzqDtt5Y9h3quz5hWhK+TPnsmVs6WwSU6LkJMeY4HstUEDuYTG8UJSdawMRzmzAtV+KEoG8N3Qg2qLy5vM/A==
  dependencies:
    nanoid "^3.3.18"
    picocolors "^1.1.1"
    source-map-js "^1.2.1"

rolldown@~1.2.4:
  version "1.2.7"
  resolved "https://registry.npmjs.org/rolldown/-/rolldown-1.2.7.tgz"
  integrity sha512-g0EtLvBjTUB7jhyV0S/TCup3v/XSVl45vUIGbOGU4QPiyjTenCe4mKuFvW9fEgYmS2Fo42AUssRmNuMziXdrig==
  dependencies:
    "@oxc-project/types" "=0.148.0"
    "@rolldown/pluginutils" "^1.0.0"
  optionalDependencies:
    "@rolldown/binding-android-arm-eabi" "1.2.7"
    "@rolldown/binding-android-arm64" "1.2.7"
    "@rolldown/binding-darwin-arm64" "1.2.7"
    "@rolldown/binding-darwin-x64" "1.2.7"
    "@rolldown/binding-freebsd-x64" "1.2.7"
    "@rolldown/binding-linux-arm-gnueabihf" "1.2.7"
    "@rolldown/binding-linux-arm64-gnu" "1.2.7"
    "@rolldown/binding-linux-arm64-musl" "1.2.7"
    "@rolldown/binding-linux-ppc64-gnu" "1.2.7"
    "@rolldown/binding-linux-s390x-gnu" "1.2.7"
    "@rolldown/binding-linux-x64-gnu" "1.2.7"
    "@rolldown/binding-linux-x64-musl" "1.2.7"
    "@rolldown/binding-openharmony-arm64" "1.2.7"
    "@rolldown/binding-win32-arm64-msvc" "1.2.7"
    "@rolldown/binding-win32-x64-msvc" "1.2.7"

source-map-js@^1.2.1:
  version "1.2.1"
  resolved "https://registry.npmjs.org/source-map-js/-/source-map-js-1.2.1.tgz"
  integrity sha512-UXWMKhLOwVKb728IUtQPXxfYU+usdybtUrK/8uGE8CQMvrhOpwvzDBwj0QhSL7MQc7vIsISBG8VQ8+IDQxpfQA==

tailwindcss@^4.3.3, tailwindcss@4.3.3:
  version "4.3.3"
  resolved "https://registry.npmjs.org/tailwindcss/-/tailwindcss-4.3.3.tgz"
  integrity sha512-gOhV3P7ufE62QDGg1zVaTgCR+EtPv92k2nIhVcVKcLmxT1sUBsQGhnZj175j+MqRt4zLF7ic+sCYjfhxMxj7YQ==

tapable@^2.3.3:
  version "2.3.3"
  resolved "https://registry.npmjs.org/tapable/-/tapable-2.3.3.tgz"
  integrity sha512-uxc/zpqFg6x7C8vOE7lh6Lbda8eEL9zmVm/PLeTPBRhh1xCgdWaQ+J1CUieGpIfm2HdtsUpRv+HshiasBMcc6A==

tinyglobby@^0.2.17:
  version "0.2.17"
  resolved "https://registry.npmjs.org/tinyglobby/-/tinyglobby-0.2.17.tgz"
  integrity sha512-wXR/dYpcqKmfWpEdZjiKJOwCNFndD0DMnrW/cYjVGttEkBfVgcLFHoNrlj47mjOVic9yyNu65alsgF4NQyTa2g==
  dependencies:
    fdir "^6.5.0"
    picomatch "^4.0.4"

"vite@^5.2.0 || ^6 || ^7 || ^8", vite@^8.2.2:
  version "8.2.2"
  resolved "https://registry.npmjs.org/vite/-/vite-8.2.2.tgz"
  integrity sha512-cFKLV/PRgAUlIRm5WjMjJ86jrftzpqcgH+Us+DS8mI3CDNiH30Whrz8uHL3+MOLPAgqbMBAqWdAHAphOAM+z/Q==
  dependencies:
    lightningcss "^1.33.0"
    picomatch "^4.0.5"
    postcss "^8.5.26"
    rolldown "~1.2.4"
    tinyglobby "^0.2.17"
  optionalDependencies:
    fsevents "~2.3.3"
